
Microsoft Visual Studio Solution File, Format Version 12.00
# Visual Studio Version 17
VisualStudioVersion = 17.1.32407.343
MinimumVisualStudioVersion = 10.0.40219.1
Project("{FAE04EC0-301F-11D3-BF4B-00C04F79EFBC}") = "MVCsecurityDemo", "MVCsecurityDemo\MVCsecurityDemo.csproj", "{DBDDBEE3-B676-4061-B19E-D9B1466CBFA0}"
EndProject
Global
	GlobalSection(SolutionConfigurationPlatforms) = preSolution
		Debug|Any CPU = Debug|Any CPU
		Release|Any CPU = Release|Any CPU
	EndGlobalSection
	GlobalSection(ProjectConfigurationPlatforms) = postSolution
		{DBDDBEE3-B676-4061-B19E-D9B1466CBFA0}.Debug|Any CPU.ActiveCfg = Debug|Any CPU
		{DBDDBEE3-B676-4061-B19E-D9B1466CBFA0}.Debug|Any CPU.Build.0 = Debug|Any CPU
		{DBDDBEE3-B676-4061-B19E-D9B1466CBFA0}.Release|Any CPU.ActiveCfg = Release|Any CPU
		{DBDDBEE3-B676-4061-B19E-D9B1466CBFA0}.Release|Any CPU.Build.0 = Release|Any CPU
	EndGlobalSection
	GlobalSection(SolutionProperties) = preSolution
		HideSolutionNode = FALSE
	EndGlobalSection
	GlobalSection(ExtensibilityGlobals) = postSolution
		SolutionGuid = {AE1369FD-E207-4235-9E01-1038D63B91F9}
	EndGlobalSection
EndGlobal
